# THIS IS AN AUTOGENERATED FILE. DO NOT EDIT THIS FILE DIRECTLY.
# yarn lockfile v1


immutable@^4.0.0-rc.14:
  version "4.0.0-rc.14"
  resolved "https://registry.yarnpkg.com/immutable/-/immutable-4.0.0-rc.14.tgz#29ba96631ec10867d1348515ac4e6bdba462f071"
  integrity sha512-pfkvmRKJSoW7JFx0QeYlAmT+kNYvn5j0u7bnpNq4N2RCvHSTlLT208G8jgaquNe+Q8kCPHKOSpxJkyvLDpYq0w==
